
Microsoft Visual Studio Solution File, Format Version 12.00
# Visual Studio Version 16
VisualStudioVersion = 16.0.29613.14
MinimumVisualStudioVersion = 10.0.40219.1
Project("{9A19103F-16F7-4668-BE54-9A1E7A4F7556}") = "RaspberryIRDotNet", "RaspberryIRDotNet\RaspberryIRDotNet\RaspberryIRDotNet.csproj", "{F99BBFAA-F5A1-4C06-A158-187D0F81AF6C}"
EndProject
Project("{9A19103F-16F7-4668-BE54-9A1E7A4F7556}") = "RaspberryIRBlaster.Server", "RaspberryIRBlaster.Server\RaspberryIRBlaster.Server.csproj", "{CACDE960-BD6E-42A1-9BD7-0BF58D154AFE}"
EndProject
Project("{9A19103F-16F7-4668-BE54-9A1E7A4F7556}") = "RaspberryIRBlaster.Common", "RaspberryIRBlaster.Common\RaspberryIRBlaster.Common.csproj", "{2EBCBEF6-3E8D-4BAF-9698-656C472FBD13}"
EndProject
Project("{9A19103F-16F7-4668-BE54-9A1E7A4F7556}") = "RaspberryIRBlaster.RemoteBuilder", "RaspberryIRBlaster.RemoteBuilder\RaspberryIRBlaster.RemoteBuilder.csproj", "{B90ED7F0-2D69-4AB7-ACAF-657C5ECE8103}"
EndProject
Project("{9A19103F-16F7-4668-BE54-9A1E7A4F7556}") = "RaspberryIRBlaster.Client", "RaspberryIRBlaster.Client\RaspberryIRBlaster.Client.csproj", "{F34F7C5C-705F-4D3D-94E7-104165608BEB}"
EndProject
Global
	GlobalSection(SolutionConfigurationPlatforms) = preSolution
		Debug|Any CPU = Debug|Any CPU
		Release|Any CPU = Release|Any CPU
	EndGlobalSection
	GlobalSection(ProjectConfigurationPlatforms) = postSolution
		{F99BBFAA-F5A1-4C06-A158-187D0F81AF6C}.Debug|Any CPU.ActiveCfg = Debug|Any CPU
		{F99BBFAA-F5A1-4C06-A158-187D0F81AF6C}.Debug|Any CPU.Build.0 = Debug|Any CPU
		{F99BBFAA-F5A1-4C06-A158-187D0F81AF6C}.Release|Any CPU.ActiveCfg = Release|Any CPU
		{F99BBFAA-F5A1-4C06-A158-187D0F81AF6C}.Release|Any CPU.Build.0 = Release|Any CPU
		{CACDE960-BD6E-42A1-9BD7-0BF58D154AFE}.Debug|Any CPU.ActiveCfg = Debug|Any CPU
		{CACDE960-BD6E-42A1-9BD7-0BF58D154AFE}.Debug|Any CPU.Build.0 = Debug|Any CPU
		{CACDE960-BD6E-42A1-9BD7-0BF58D154AFE}.Release|Any CPU.ActiveCfg = Release|Any CPU
		{CACDE960-BD6E-42A1-9BD7-0BF58D154AFE}.Release|Any CPU.Build.0 = Release|Any CPU
		{2EBCBEF6-3E8D-4BAF-9698-656C472FBD13}.Debug|Any CPU.ActiveCfg = Debug|Any CPU
		{2EBCBEF6-3E8D-4BAF-9698-656C472FBD13}.Debug|Any CPU.Build.0 = Debug|Any CPU
		{2EBCBEF6-3E8D-4BAF-9698-656C472FBD13}.Release|Any CPU.ActiveCfg = Release|Any CPU
		{2EBCBEF6-3E8D-4BAF-9698-656C472FBD13}.Release|Any CPU.Build.0 = Release|Any CPU
		{B90ED7F0-2D69-4AB7-ACAF-657C5ECE8103}.Debug|Any CPU.ActiveCfg = Debug|Any CPU
		{B90ED7F0-2D69-4AB7-ACAF-657C5ECE8103}.Debug|Any CPU.Build.0 = Debug|Any CPU
		{B90ED7F0-2D69-4AB7-ACAF-657C5ECE8103}.Release|Any CPU.ActiveCfg = Release|Any CPU
		{B90ED7F0-2D69-4AB7-ACAF-657C5ECE8103}.Release|Any CPU.Build.0 = Release|Any CPU
		{F34F7C5C-705F-4D3D-94E7-104165608BEB}.Debug|Any CPU.ActiveCfg = Debug|Any CPU
		{F34F7C5C-705F-4D3D-94E7-104165608BEB}.Debug|Any CPU.Build.0 = Debug|Any CPU
		{F34F7C5C-705F-4D3D-94E7-104165608BEB}.Release|Any CPU.ActiveCfg = Release|Any CPU
		{F34F7C5C-705F-4D3D-94E7-104165608BEB}.Release|Any CPU.Build.0 = Release|Any CPU
	EndGlobalSection
	GlobalSection(SolutionProperties) = preSolution
		HideSolutionNode = FALSE
	EndGlobalSection
	GlobalSection(ExtensibilityGlobals) = postSolution
		SolutionGuid = {2FD808CB-7DE9-4808-BD08-F41330690EAA}
	EndGlobalSection
EndGlobal
